
Microsoft Visual Studio Solution File, Format Version 12.00
# Visual Studio Version 17
VisualStudioVersion = 17.0.31903.59
MinimumVisualStudioVersion = 10.0.40219.1
Project("{FAE04EC0-301F-11D3-BF4B-00C04F79EFBC}") = "FabricCicd.Console", "FabricCicd.Console\FabricCicd.Console.csproj", "{D394E8EA-25FC-41F5-9390-AD16B9D6D42C}"
EndProject
Project("{FAE04EC0-301F-11D3-BF4B-00C04F79EFBC}") = "FabricCicd.Tests", "FabricCicd.Tests\FabricCicd.Tests.csproj", "{AB71E419-F186-443B-94AD-2D05FEF0EB7A}"
EndProject
Global
	GlobalSection(SolutionConfigurationPlatforms) = preSolution
		Debug|Any CPU = Debug|Any CPU
		Release|Any CPU = Release|Any CPU
	EndGlobalSection
	GlobalSection(SolutionProperties) = preSolution
		HideSolutionNode = FALSE
	EndGlobalSection
	GlobalSection(ProjectConfigurationPlatforms) = postSolution
		{D394E8EA-25FC-41F5-9390-AD16B9D6D42C}.Debug|Any CPU.ActiveCfg = Debug|Any CPU
		{D394E8EA-25FC-41F5-9390-AD16B9D6D42C}.Debug|Any CPU.Build.0 = Debug|Any CPU
		{D394E8EA-25FC-41F5-9390-AD16B9D6D42C}.Release|Any CPU.ActiveCfg = Release|Any CPU
		{D394E8EA-25FC-41F5-9390-AD16B9D6D42C}.Release|Any CPU.Build.0 = Release|Any CPU
		{AB71E419-F186-443B-94AD-2D05FEF0EB7A}.Debug|Any CPU.ActiveCfg = Debug|Any CPU
		{AB71E419-F186-443B-94AD-2D05FEF0EB7A}.Debug|Any CPU.Build.0 = Debug|Any CPU
		{AB71E419-F186-443B-94AD-2D05FEF0EB7A}.Release|Any CPU.ActiveCfg = Release|Any CPU
		{AB71E419-F186-443B-94AD-2D05FEF0EB7A}.Release|Any CPU.Build.0 = Release|Any CPU
	EndGlobalSection
EndGlobal
